
Microsoft Visual Studio Solution File, Format Version 12.00
# Visual Studio Version 17
VisualStudioVersion = 17.0.31612.314
MinimumVisualStudioVersion = 10.0.40219.1
Project("{9A19103F-16F7-4668-BE54-9A1E7A4F7556}") = "MauiChat.Maui", "MauiChat.Maui\MauiChat.Maui.csproj", "{15431E3A-731E-4F36-9478-60EA723C6398}"
EndProject
Project("{9A19103F-16F7-4668-BE54-9A1E7A4F7556}") = "MauiChat.Maui.WinUI", "MauiChat.Maui.WinUI\MauiChat.Maui.WinUI.csproj", "{3FAAD6AC-003C-436E-A17E-ADC20B0967A9}"
EndProject
Project("{9A19103F-16F7-4668-BE54-9A1E7A4F7556}") = "maui-chat.Shared", "..\..\Shared\maui-chat.Shared.csproj", "{98B0BDCF-79BF-4F46-807F-206F401DFEA3}"
EndProject
Global
	GlobalSection(SolutionConfigurationPlatforms) = preSolution
		Debug|Any CPU = Debug|Any CPU
		Release|Any CPU = Release|Any CPU
	EndGlobalSection
	GlobalSection(ProjectConfigurationPlatforms) = postSolution
		{15431E3A-731E-4F36-9478-60EA723C6398}.Debug|Any CPU.ActiveCfg = Debug|Any CPU
		{15431E3A-731E-4F36-9478-60EA723C6398}.Debug|Any CPU.Build.0 = Debug|Any CPU
		{15431E3A-731E-4F36-9478-60EA723C6398}.Debug|Any CPU.Deploy.0 = Debug|Any CPU
		{15431E3A-731E-4F36-9478-60EA723C6398}.Release|Any CPU.ActiveCfg = Release|Any CPU
		{15431E3A-731E-4F36-9478-60EA723C6398}.Release|Any CPU.Build.0 = Release|Any CPU
		{15431E3A-731E-4F36-9478-60EA723C6398}.Release|Any CPU.Deploy.0 = Release|Any CPU
		{3FAAD6AC-003C-436E-A17E-ADC20B0967A9}.Debug|Any CPU.ActiveCfg = Debug|Any CPU
		{3FAAD6AC-003C-436E-A17E-ADC20B0967A9}.Debug|Any CPU.Build.0 = Debug|Any CPU
		{3FAAD6AC-003C-436E-A17E-ADC20B0967A9}.Debug|Any CPU.Deploy.0 = Debug|Any CPU
		{3FAAD6AC-003C-436E-A17E-ADC20B0967A9}.Release|Any CPU.ActiveCfg = Release|Any CPU
		{3FAAD6AC-003C-436E-A17E-ADC20B0967A9}.Release|Any CPU.Build.0 = Release|Any CPU
		{3FAAD6AC-003C-436E-A17E-ADC20B0967A9}.Release|Any CPU.Deploy.0 = Release|Any CPU
		{98B0BDCF-79BF-4F46-807F-206F401DFEA3}.Debug|Any CPU.ActiveCfg = Debug|Any CPU
		{98B0BDCF-79BF-4F46-807F-206F401DFEA3}.Debug|Any CPU.Build.0 = Debug|Any CPU
		{98B0BDCF-79BF-4F46-807F-206F401DFEA3}.Release|Any CPU.ActiveCfg = Release|Any CPU
		{98B0BDCF-79BF-4F46-807F-206F401DFEA3}.Release|Any CPU.Build.0 = Release|Any CPU
	EndGlobalSection
	GlobalSection(SolutionProperties) = preSolution
		HideSolutionNode = FALSE
	EndGlobalSection
	GlobalSection(ExtensibilityGlobals) = postSolution
		SolutionGuid = {61F7FB11-1E47-470C-91E2-47F8143E1572}
	EndGlobalSection
EndGlobal
