
Microsoft Visual Studio Solution File, Format Version 12.00
# Visual Studio Version 16
VisualStudioVersion = 16.0.31220.234
MinimumVisualStudioVersion = 10.0.40219.1
Project("{9A19103F-16F7-4668-BE54-9A1E7A4F7556}") = "MauiChat.Maui", "MauiChat.Maui\MauiChat.Maui.csproj", "{22ED08B9-16A1-4737-A8B9-E865AF13E5A0}"
EndProject
Project("{9A19103F-16F7-4668-BE54-9A1E7A4F7556}") = "MauiChat.Maui.WinUI", "MauiChat.Maui.WinUI\MauiChat.Maui.WinUI.csproj", "{58ADC222-E999-4E8F-B102-BF18318016A4}"
EndProject
Project("{9A19103F-16F7-4668-BE54-9A1E7A4F7556}") = "maui-chat.Shared", "..\Shared\maui-chat.Shared.csproj", "{44EBBBD4-41E8-4439-9072-ACD42981422D}"
EndProject
Global
	GlobalSection(SolutionConfigurationPlatforms) = preSolution
		Debug|Any CPU = Debug|Any CPU
		Release|Any CPU = Release|Any CPU
	EndGlobalSection
	GlobalSection(ProjectConfigurationPlatforms) = postSolution
		{22ED08B9-16A1-4737-A8B9-E865AF13E5A0}.Debug|Any CPU.ActiveCfg = Debug|Any CPU
		{22ED08B9-16A1-4737-A8B9-E865AF13E5A0}.Debug|Any CPU.Build.0 = Debug|Any CPU
		{22ED08B9-16A1-4737-A8B9-E865AF13E5A0}.Debug|Any CPU.Deploy.0 = Debug|Any CPU
		{22ED08B9-16A1-4737-A8B9-E865AF13E5A0}.Release|Any CPU.ActiveCfg = Release|Any CPU
		{22ED08B9-16A1-4737-A8B9-E865AF13E5A0}.Release|Any CPU.Build.0 = Release|Any CPU
		{22ED08B9-16A1-4737-A8B9-E865AF13E5A0}.Release|Any CPU.Deploy.0 = Release|Any CPU
		{58ADC222-E999-4E8F-B102-BF18318016A4}.Debug|Any CPU.ActiveCfg = Debug|Any CPU
		{58ADC222-E999-4E8F-B102-BF18318016A4}.Debug|Any CPU.Build.0 = Debug|Any CPU
		{58ADC222-E999-4E8F-B102-BF18318016A4}.Debug|Any CPU.Deploy.0 = Debug|Any CPU
		{58ADC222-E999-4E8F-B102-BF18318016A4}.Release|Any CPU.ActiveCfg = Release|Any CPU
		{58ADC222-E999-4E8F-B102-BF18318016A4}.Release|Any CPU.Build.0 = Release|Any CPU
		{58ADC222-E999-4E8F-B102-BF18318016A4}.Release|Any CPU.Deploy.0 = Release|Any CPU
		{44EBBBD4-41E8-4439-9072-ACD42981422D}.Debug|Any CPU.ActiveCfg = Debug|Any CPU
		{44EBBBD4-41E8-4439-9072-ACD42981422D}.Debug|Any CPU.Build.0 = Debug|Any CPU
		{44EBBBD4-41E8-4439-9072-ACD42981422D}.Release|Any CPU.ActiveCfg = Release|Any CPU
		{44EBBBD4-41E8-4439-9072-ACD42981422D}.Release|Any CPU.Build.0 = Release|Any CPU
	EndGlobalSection
	GlobalSection(SolutionProperties) = preSolution
		HideSolutionNode = FALSE
	EndGlobalSection
	GlobalSection(ExtensibilityGlobals) = postSolution
		SolutionGuid = {61F7FB11-1E47-470C-91E2-47F8143E1572}
	EndGlobalSection
EndGlobal
