
Microsoft Visual Studio Solution File, Format Version 12.00
# Visual Studio Version 16
VisualStudioVersion = 16.0.31220.234
MinimumVisualStudioVersion = 10.0.40219.1
Project("{9A19103F-16F7-4668-BE54-9A1E7A4F7556}") = "MauiChat.Maui", "MauiChat.Maui\MauiChat.Maui.csproj", "{5EAF4FFB-21AA-487F-B3CD-D2CF0A3CE1E3}"
EndProject
Project("{9A19103F-16F7-4668-BE54-9A1E7A4F7556}") = "MauiChat.Maui.WinUI", "MauiChat.Maui.WinUI\MauiChat.Maui.WinUI.csproj", "{0FC26D80-F79A-4FCD-BE3D-02BF013F7E2E}"
EndProject
Project("{9A19103F-16F7-4668-BE54-9A1E7A4F7556}") = "MauiChat.Messages", "..\..\MauiChat.Messages\MauiChat.Messages.csproj", "{FE2FE1D9-62E3-424F-88CB-5C261AC8B207}"
EndProject
Global
	GlobalSection(SolutionConfigurationPlatforms) = preSolution
		Debug|Any CPU = Debug|Any CPU
		Release|Any CPU = Release|Any CPU
	EndGlobalSection
	GlobalSection(ProjectConfigurationPlatforms) = postSolution
		{5EAF4FFB-21AA-487F-B3CD-D2CF0A3CE1E3}.Debug|Any CPU.ActiveCfg = Debug|Any CPU
		{5EAF4FFB-21AA-487F-B3CD-D2CF0A3CE1E3}.Debug|Any CPU.Build.0 = Debug|Any CPU
		{5EAF4FFB-21AA-487F-B3CD-D2CF0A3CE1E3}.Debug|Any CPU.Deploy.0 = Debug|Any CPU
		{5EAF4FFB-21AA-487F-B3CD-D2CF0A3CE1E3}.Release|Any CPU.ActiveCfg = Release|Any CPU
		{5EAF4FFB-21AA-487F-B3CD-D2CF0A3CE1E3}.Release|Any CPU.Build.0 = Release|Any CPU
		{5EAF4FFB-21AA-487F-B3CD-D2CF0A3CE1E3}.Release|Any CPU.Deploy.0 = Release|Any CPU
		{0FC26D80-F79A-4FCD-BE3D-02BF013F7E2E}.Debug|Any CPU.ActiveCfg = Debug|Any CPU
		{0FC26D80-F79A-4FCD-BE3D-02BF013F7E2E}.Debug|Any CPU.Build.0 = Debug|Any CPU
		{0FC26D80-F79A-4FCD-BE3D-02BF013F7E2E}.Debug|Any CPU.Deploy.0 = Debug|Any CPU
		{0FC26D80-F79A-4FCD-BE3D-02BF013F7E2E}.Release|Any CPU.ActiveCfg = Release|Any CPU
		{0FC26D80-F79A-4FCD-BE3D-02BF013F7E2E}.Release|Any CPU.Build.0 = Release|Any CPU
		{0FC26D80-F79A-4FCD-BE3D-02BF013F7E2E}.Release|Any CPU.Deploy.0 = Release|Any CPU
		{FE2FE1D9-62E3-424F-88CB-5C261AC8B207}.Debug|Any CPU.ActiveCfg = Debug|Any CPU
		{FE2FE1D9-62E3-424F-88CB-5C261AC8B207}.Debug|Any CPU.Build.0 = Debug|Any CPU
		{FE2FE1D9-62E3-424F-88CB-5C261AC8B207}.Release|Any CPU.ActiveCfg = Release|Any CPU
		{FE2FE1D9-62E3-424F-88CB-5C261AC8B207}.Release|Any CPU.Build.0 = Release|Any CPU
	EndGlobalSection
	GlobalSection(SolutionProperties) = preSolution
		HideSolutionNode = FALSE
	EndGlobalSection
	GlobalSection(ExtensibilityGlobals) = postSolution
		SolutionGuid = {61F7FB11-1E47-470C-91E2-47F8143E1572}
	EndGlobalSection
EndGlobal
