Microsoft Visual Studio Solution File, Format Version 12.00
# Visual Studio Version 17
VisualStudioVersion = 17.0.31611.283
MinimumVisualStudioVersion = 10.0.40219.1
Project("{9A19103F-16F7-4668-BE54-9A1E7A4F7556}") = "Blazor.MauiChat", "Blazor.MauiChat.csproj", "{A3470A81-806B-44DD-B39E-787AD9C30225}"
EndProject
Project("{9A19103F-16F7-4668-BE54-9A1E7A4F7556}") = "maui-chat.Shared", "..\Shared\maui-chat.Shared.csproj", "{F3733E8E-96B2-41B0-A060-485A3BB0175E}"
EndProject
Project("{9A19103F-16F7-4668-BE54-9A1E7A4F7556}") = "maui-chat.razor", "..\..\maui-chat.razor\maui-chat.razor.csproj", "{C98CD28D-65F8-4B96-BF8B-0624F6F11236}"
EndProject
Global
	GlobalSection(SolutionConfigurationPlatforms) = preSolution
		Debug|Any CPU = Debug|Any CPU
		Release|Any CPU = Release|Any CPU
	EndGlobalSection
	GlobalSection(ProjectConfigurationPlatforms) = postSolution
		{A3470A81-806B-44DD-B39E-787AD9C30225}.Debug|Any CPU.ActiveCfg = Debug|Any CPU
		{A3470A81-806B-44DD-B39E-787AD9C30225}.Debug|Any CPU.Build.0 = Debug|Any CPU
		{A3470A81-806B-44DD-B39E-787AD9C30225}.Debug|Any CPU.Deploy.0 = Debug|Any CPU
		{A3470A81-806B-44DD-B39E-787AD9C30225}.Release|Any CPU.ActiveCfg = Release|Any CPU
		{A3470A81-806B-44DD-B39E-787AD9C30225}.Release|Any CPU.Build.0 = Release|Any CPU
		{A3470A81-806B-44DD-B39E-787AD9C30225}.Release|Any CPU.Deploy.0 = Release|Any CPU
		{F3733E8E-96B2-41B0-A060-485A3BB0175E}.Debug|Any CPU.ActiveCfg = Debug|Any CPU
		{F3733E8E-96B2-41B0-A060-485A3BB0175E}.Debug|Any CPU.Build.0 = Debug|Any CPU
		{F3733E8E-96B2-41B0-A060-485A3BB0175E}.Release|Any CPU.ActiveCfg = Release|Any CPU
		{F3733E8E-96B2-41B0-A060-485A3BB0175E}.Release|Any CPU.Build.0 = Release|Any CPU
		{C98CD28D-65F8-4B96-BF8B-0624F6F11236}.Debug|Any CPU.ActiveCfg = Debug|Any CPU
		{C98CD28D-65F8-4B96-BF8B-0624F6F11236}.Debug|Any CPU.Build.0 = Debug|Any CPU
		{C98CD28D-65F8-4B96-BF8B-0624F6F11236}.Release|Any CPU.ActiveCfg = Release|Any CPU
		{C98CD28D-65F8-4B96-BF8B-0624F6F11236}.Release|Any CPU.Build.0 = Release|Any CPU
	EndGlobalSection
	GlobalSection(SolutionProperties) = preSolution
		HideSolutionNode = FALSE
	EndGlobalSection
	GlobalSection(ExtensibilityGlobals) = postSolution
		SolutionGuid = {61F7FB11-1E47-470C-91E2-47F8143E1572}
	EndGlobalSection
EndGlobal
